
Microsoft Visual Studio Solution File, Format Version 12.00
# Visual Studio Version 17
VisualStudioVersion = 17.7.34202.233
MinimumVisualStudioVersion = 10.0.40219.1
Project("{2150E333-8FDC-42A3-9474-1A3956D46DE8}") = "src", "src", "{AA549EBF-827B-4D45-AF8C-8013CE4DAB26}"
EndProject
Project("{2150E333-8FDC-42A3-9474-1A3956D46DE8}") = "Services", "Services", "{59BFB91E-52E9-4196-BE47-0C0A0061D691}"
EndProject
Project("{2150E333-8FDC-42A3-9474-1A3956D46DE8}") = "Cart", "Cart", "{82D6AC64-89BF-449B-836C-0D58AD3AA6C0}"
EndProject
Project("{2150E333-8FDC-42A3-9474-1A3956D46DE8}") = "Notification", "Notification", "{C0196158-26B0-4E42-8047-1DE69D0F25B9}"
EndProject
Project("{2150E333-8FDC-42A3-9474-1A3956D46DE8}") = "Order", "Order", "{86FCB29A-C2AD-4B32-88F3-88DD2B1C3AA6}"
EndProject
Project("{2150E333-8FDC-42A3-9474-1A3956D46DE8}") = "Product", "Product", "{E46AAD55-C0CE-4FDB-A22E-47255FDA0DA7}"
EndProject
Project("{9A19103F-16F7-4668-BE54-9A1E7A4F7556}") = "Cart.API", "src\Services\Cart\Cart.API\Cart.API.csproj", "{5ED5DDCD-034C-40F5-A53B-451DE682942D}"
EndProject
Project("{9A19103F-16F7-4668-BE54-9A1E7A4F7556}") = "Cart.Application", "src\Services\Cart\Cart.Application\Cart.Application.csproj", "{97D09078-493D-4E83-AF4A-9E355772D59A}"
EndProject
Project("{9A19103F-16F7-4668-BE54-9A1E7A4F7556}") = "Cart.Domain", "src\Services\Cart\Cart.Domain\Cart.Domain.csproj", "{D88674BE-9F4E-4486-A59D-BBCDFA912C86}"
EndProject
Project("{9A19103F-16F7-4668-BE54-9A1E7A4F7556}") = "Cart.Infrastructure", "src\Services\Cart\Cart.Infracture\Cart.Infrastructure.csproj", "{EBD69356-C7D7-438B-A842-26252AFC7355}"
EndProject
Project("{9A19103F-16F7-4668-BE54-9A1E7A4F7556}") = "Notification.API", "src\Services\Notification\Notification.API\Notification.API.csproj", "{B241E63C-75B4-4192-B93A-B6EB87773B12}"
EndProject
Project("{9A19103F-16F7-4668-BE54-9A1E7A4F7556}") = "Notification.Application", "src\Services\Notification\Notification.Application\Notification.Application.csproj", "{2F201F55-55C4-4D32-B756-C2B734104D8B}"
EndProject
Project("{9A19103F-16F7-4668-BE54-9A1E7A4F7556}") = "Notification.Domain", "src\Services\Notification\Notification.Domain\Notification.Domain.csproj", "{10A416C4-5F09-4764-8BFE-A57B373C37CC}"
EndProject
Project("{9A19103F-16F7-4668-BE54-9A1E7A4F7556}") = "Notification.Infastructure", "src\Services\Notification\Notification.Infastructure\Notification.Infastructure.csproj", "{DABAE12C-643C-453D-BBC1-C95CF4467AA3}"
EndProject
Project("{9A19103F-16F7-4668-BE54-9A1E7A4F7556}") = "Product.API", "src\Services\Product\Product.API\Product.API.csproj", "{AE690F11-38DB-4F5C-888C-91568E34EB41}"
EndProject
Project("{9A19103F-16F7-4668-BE54-9A1E7A4F7556}") = "Product.Application", "src\Services\Product\Product.Application\Product.Application.csproj", "{3EE05F15-04E3-4DCC-A4C0-4B91FC2F3153}"
EndProject
Project("{9A19103F-16F7-4668-BE54-9A1E7A4F7556}") = "Product.Infastructure", "src\Services\Product\Product.Infastructure\Product.Infastructure.csproj", "{FCD38025-C209-4A40-B767-7F4B75FE6771}"
EndProject
Project("{9A19103F-16F7-4668-BE54-9A1E7A4F7556}") = "Product.Domain", "src\Services\Product\Product.Domain\Product.Domain.csproj", "{81CCD30C-120A-4E7D-ADEB-E6FD8F26D709}"
EndProject
Project("{9A19103F-16F7-4668-BE54-9A1E7A4F7556}") = "Order.API", "src\Services\Order\Order.API\Order.API.csproj", "{73DE191C-271D-4E9B-9479-7C12B21D1BE2}"
EndProject
Project("{9A19103F-16F7-4668-BE54-9A1E7A4F7556}") = "Order.Domain", "src\Services\Order\Order.Domain\Order.Domain.csproj", "{A657C04F-FC21-4B50-967D-92B4C2EEDA44}"
EndProject
Project("{9A19103F-16F7-4668-BE54-9A1E7A4F7556}") = "Order.Application", "src\Services\Order\Order.Application\Order.Application.csproj", "{314DFD15-EB46-4DFA-8613-92189065DC5C}"
EndProject
Project("{9A19103F-16F7-4668-BE54-9A1E7A4F7556}") = "Order.Infastructure", "src\Services\Order\Order.Infastructure\Order.Infastructure.csproj", "{568E510A-815A-49AE-BE25-E77746B8614B}"
EndProject
Project("{E53339B2-1760-4266-BCC7-CA923CBCF16C}") = "docker-compose", "docker-compose.dcproj", "{F98B60F3-F7AA-41AB-82C1-7D769A8105CD}"
EndProject
Project("{2150E333-8FDC-42A3-9474-1A3956D46DE8}") = "BuildingBlocks", "BuildingBlocks", "{041EB426-BC6E-44FA-8ACC-998EA1E4BCE1}"
EndProject
Project("{2150E333-8FDC-42A3-9474-1A3956D46DE8}") = "APIGateways", "APIGateways", "{75121E96-5819-46C2-82BC-DB2B48804407}"
EndProject
Project("{9A19103F-16F7-4668-BE54-9A1E7A4F7556}") = "EventBus.Messages", "src\Services\BuildingBlocks\EventBus.Messages\EventBus.Messages.csproj", "{AD7799DC-1BE4-4E59-B7DD-5531407FD208}"
EndProject
Project("{2150E333-8FDC-42A3-9474-1A3956D46DE8}") = "Shared", "Shared", "{5D72567B-A3A6-4FAA-9E24-B473AD35BFC9}"
EndProject
Project("{9A19103F-16F7-4668-BE54-9A1E7A4F7556}") = "Shared", "src\Services\Shared\Shared.csproj", "{BA3F0906-ADC0-4A95-82BE-60553EBF70B2}"
EndProject
Project("{FAE04EC0-301F-11D3-BF4B-00C04F79EFBC}") = "OcelotApiGw", "src\Services\APIGateways\OcelotApiGw\OcelotApiGw.csproj", "{5F04C5EF-DE40-4266-AA92-11B24C7AB1DD}"
EndProject
Global
	GlobalSection(SolutionConfigurationPlatforms) = preSolution
		Debug|Any CPU = Debug|Any CPU
		Release|Any CPU = Release|Any CPU
	EndGlobalSection
	GlobalSection(ProjectConfigurationPlatforms) = postSolution
		{5ED5DDCD-034C-40F5-A53B-451DE682942D}.Debug|Any CPU.ActiveCfg = Debug|Any CPU
		{5ED5DDCD-034C-40F5-A53B-451DE682942D}.Debug|Any CPU.Build.0 = Debug|Any CPU
		{5ED5DDCD-034C-40F5-A53B-451DE682942D}.Release|Any CPU.ActiveCfg = Release|Any CPU
		{5ED5DDCD-034C-40F5-A53B-451DE682942D}.Release|Any CPU.Build.0 = Release|Any CPU
		{97D09078-493D-4E83-AF4A-9E355772D59A}.Debug|Any CPU.ActiveCfg = Debug|Any CPU
		{97D09078-493D-4E83-AF4A-9E355772D59A}.Debug|Any CPU.Build.0 = Debug|Any CPU
		{97D09078-493D-4E83-AF4A-9E355772D59A}.Release|Any CPU.ActiveCfg = Release|Any CPU
		{97D09078-493D-4E83-AF4A-9E355772D59A}.Release|Any CPU.Build.0 = Release|Any CPU
		{D88674BE-9F4E-4486-A59D-BBCDFA912C86}.Debug|Any CPU.ActiveCfg = Debug|Any CPU
		{D88674BE-9F4E-4486-A59D-BBCDFA912C86}.Debug|Any CPU.Build.0 = Debug|Any CPU
		{D88674BE-9F4E-4486-A59D-BBCDFA912C86}.Release|Any CPU.ActiveCfg = Release|Any CPU
		{D88674BE-9F4E-4486-A59D-BBCDFA912C86}.Release|Any CPU.Build.0 = Release|Any CPU
		{EBD69356-C7D7-438B-A842-26252AFC7355}.Debug|Any CPU.ActiveCfg = Debug|Any CPU
		{EBD69356-C7D7-438B-A842-26252AFC7355}.Debug|Any CPU.Build.0 = Debug|Any CPU
		{EBD69356-C7D7-438B-A842-26252AFC7355}.Release|Any CPU.ActiveCfg = Release|Any CPU
		{EBD69356-C7D7-438B-A842-26252AFC7355}.Release|Any CPU.Build.0 = Release|Any CPU
		{B241E63C-75B4-4192-B93A-B6EB87773B12}.Debug|Any CPU.ActiveCfg = Debug|Any CPU
		{B241E63C-75B4-4192-B93A-B6EB87773B12}.Debug|Any CPU.Build.0 = Debug|Any CPU
		{B241E63C-75B4-4192-B93A-B6EB87773B12}.Release|Any CPU.ActiveCfg = Release|Any CPU
		{B241E63C-75B4-4192-B93A-B6EB87773B12}.Release|Any CPU.Build.0 = Release|Any CPU
		{2F201F55-55C4-4D32-B756-C2B734104D8B}.Debug|Any CPU.ActiveCfg = Debug|Any CPU
		{2F201F55-55C4-4D32-B756-C2B734104D8B}.Debug|Any CPU.Build.0 = Debug|Any CPU
		{2F201F55-55C4-4D32-B756-C2B734104D8B}.Release|Any CPU.ActiveCfg = Release|Any CPU
		{2F201F55-55C4-4D32-B756-C2B734104D8B}.Release|Any CPU.Build.0 = Release|Any CPU
		{10A416C4-5F09-4764-8BFE-A57B373C37CC}.Debug|Any CPU.ActiveCfg = Debug|Any CPU
		{10A416C4-5F09-4764-8BFE-A57B373C37CC}.Debug|Any CPU.Build.0 = Debug|Any CPU
		{10A416C4-5F09-4764-8BFE-A57B373C37CC}.Release|Any CPU.ActiveCfg = Release|Any CPU
		{10A416C4-5F09-4764-8BFE-A57B373C37CC}.Release|Any CPU.Build.0 = Release|Any CPU
		{DABAE12C-643C-453D-BBC1-C95CF4467AA3}.Debug|Any CPU.ActiveCfg = Debug|Any CPU
		{DABAE12C-643C-453D-BBC1-C95CF4467AA3}.Debug|Any CPU.Build.0 = Debug|Any CPU
		{DABAE12C-643C-453D-BBC1-C95CF4467AA3}.Release|Any CPU.ActiveCfg = Release|Any CPU
		{DABAE12C-643C-453D-BBC1-C95CF4467AA3}.Release|Any CPU.Build.0 = Release|Any CPU
		{AE690F11-38DB-4F5C-888C-91568E34EB41}.Debug|Any CPU.ActiveCfg = Debug|Any CPU
		{AE690F11-38DB-4F5C-888C-91568E34EB41}.Debug|Any CPU.Build.0 = Debug|Any CPU
		{AE690F11-38DB-4F5C-888C-91568E34EB41}.Release|Any CPU.ActiveCfg = Release|Any CPU
		{AE690F11-38DB-4F5C-888C-91568E34EB41}.Release|Any CPU.Build.0 = Release|Any CPU
		{3EE05F15-04E3-4DCC-A4C0-4B91FC2F3153}.Debug|Any CPU.ActiveCfg = Debug|Any CPU
		{3EE05F15-04E3-4DCC-A4C0-4B91FC2F3153}.Debug|Any CPU.Build.0 = Debug|Any CPU
		{3EE05F15-04E3-4DCC-A4C0-4B91FC2F3153}.Release|Any CPU.ActiveCfg = Release|Any CPU
		{3EE05F15-04E3-4DCC-A4C0-4B91FC2F3153}.Release|Any CPU.Build.0 = Release|Any CPU
		{FCD38025-C209-4A40-B767-7F4B75FE6771}.Debug|Any CPU.ActiveCfg = Debug|Any CPU
		{FCD38025-C209-4A40-B767-7F4B75FE6771}.Debug|Any CPU.Build.0 = Debug|Any CPU
		{FCD38025-C209-4A40-B767-7F4B75FE6771}.Release|Any CPU.ActiveCfg = Release|Any CPU
		{FCD38025-C209-4A40-B767-7F4B75FE6771}.Release|Any CPU.Build.0 = Release|Any CPU
		{81CCD30C-120A-4E7D-ADEB-E6FD8F26D709}.Debug|Any CPU.ActiveCfg = Debug|Any CPU
		{81CCD30C-120A-4E7D-ADEB-E6FD8F26D709}.Debug|Any CPU.Build.0 = Debug|Any CPU
		{81CCD30C-120A-4E7D-ADEB-E6FD8F26D709}.Release|Any CPU.ActiveCfg = Release|Any CPU
		{81CCD30C-120A-4E7D-ADEB-E6FD8F26D709}.Release|Any CPU.Build.0 = Release|Any CPU
		{73DE191C-271D-4E9B-9479-7C12B21D1BE2}.Debug|Any CPU.ActiveCfg = Debug|Any CPU
		{73DE191C-271D-4E9B-9479-7C12B21D1BE2}.Debug|Any CPU.Build.0 = Debug|Any CPU
		{73DE191C-271D-4E9B-9479-7C12B21D1BE2}.Release|Any CPU.ActiveCfg = Release|Any CPU
		{73DE191C-271D-4E9B-9479-7C12B21D1BE2}.Release|Any CPU.Build.0 = Release|Any CPU
		{A657C04F-FC21-4B50-967D-92B4C2EEDA44}.Debug|Any CPU.ActiveCfg = Debug|Any CPU
		{A657C04F-FC21-4B50-967D-92B4C2EEDA44}.Debug|Any CPU.Build.0 = Debug|Any CPU
		{A657C04F-FC21-4B50-967D-92B4C2EEDA44}.Release|Any CPU.ActiveCfg = Release|Any CPU
		{A657C04F-FC21-4B50-967D-92B4C2EEDA44}.Release|Any CPU.Build.0 = Release|Any CPU
		{314DFD15-EB46-4DFA-8613-92189065DC5C}.Debug|Any CPU.ActiveCfg = Debug|Any CPU
		{314DFD15-EB46-4DFA-8613-92189065DC5C}.Debug|Any CPU.Build.0 = Debug|Any CPU
		{314DFD15-EB46-4DFA-8613-92189065DC5C}.Release|Any CPU.ActiveCfg = Release|Any CPU
		{314DFD15-EB46-4DFA-8613-92189065DC5C}.Release|Any CPU.Build.0 = Release|Any CPU
		{568E510A-815A-49AE-BE25-E77746B8614B}.Debug|Any CPU.ActiveCfg = Debug|Any CPU
		{568E510A-815A-49AE-BE25-E77746B8614B}.Debug|Any CPU.Build.0 = Debug|Any CPU
		{568E510A-815A-49AE-BE25-E77746B8614B}.Release|Any CPU.ActiveCfg = Release|Any CPU
		{568E510A-815A-49AE-BE25-E77746B8614B}.Release|Any CPU.Build.0 = Release|Any CPU
		{F98B60F3-F7AA-41AB-82C1-7D769A8105CD}.Debug|Any CPU.ActiveCfg = Debug|Any CPU
		{F98B60F3-F7AA-41AB-82C1-7D769A8105CD}.Debug|Any CPU.Build.0 = Debug|Any CPU
		{F98B60F3-F7AA-41AB-82C1-7D769A8105CD}.Release|Any CPU.ActiveCfg = Release|Any CPU
		{F98B60F3-F7AA-41AB-82C1-7D769A8105CD}.Release|Any CPU.Build.0 = Release|Any CPU
		{AD7799DC-1BE4-4E59-B7DD-5531407FD208}.Debug|Any CPU.ActiveCfg = Debug|Any CPU
		{AD7799DC-1BE4-4E59-B7DD-5531407FD208}.Debug|Any CPU.Build.0 = Debug|Any CPU
		{AD7799DC-1BE4-4E59-B7DD-5531407FD208}.Release|Any CPU.ActiveCfg = Release|Any CPU
		{AD7799DC-1BE4-4E59-B7DD-5531407FD208}.Release|Any CPU.Build.0 = Release|Any CPU
		{BA3F0906-ADC0-4A95-82BE-60553EBF70B2}.Debug|Any CPU.ActiveCfg = Debug|Any CPU
		{BA3F0906-ADC0-4A95-82BE-60553EBF70B2}.Debug|Any CPU.Build.0 = Debug|Any CPU
		{BA3F0906-ADC0-4A95-82BE-60553EBF70B2}.Release|Any CPU.ActiveCfg = Release|Any CPU
		{BA3F0906-ADC0-4A95-82BE-60553EBF70B2}.Release|Any CPU.Build.0 = Release|Any CPU
		{5F04C5EF-DE40-4266-AA92-11B24C7AB1DD}.Debug|Any CPU.ActiveCfg = Debug|Any CPU
		{5F04C5EF-DE40-4266-AA92-11B24C7AB1DD}.Debug|Any CPU.Build.0 = Debug|Any CPU
		{5F04C5EF-DE40-4266-AA92-11B24C7AB1DD}.Release|Any CPU.ActiveCfg = Release|Any CPU
		{5F04C5EF-DE40-4266-AA92-11B24C7AB1DD}.Release|Any CPU.Build.0 = Release|Any CPU
	EndGlobalSection
	GlobalSection(SolutionProperties) = preSolution
		HideSolutionNode = FALSE
	EndGlobalSection
	GlobalSection(NestedProjects) = preSolution
		{59BFB91E-52E9-4196-BE47-0C0A0061D691} = {AA549EBF-827B-4D45-AF8C-8013CE4DAB26}
		{82D6AC64-89BF-449B-836C-0D58AD3AA6C0} = {59BFB91E-52E9-4196-BE47-0C0A0061D691}
		{C0196158-26B0-4E42-8047-1DE69D0F25B9} = {59BFB91E-52E9-4196-BE47-0C0A0061D691}
		{86FCB29A-C2AD-4B32-88F3-88DD2B1C3AA6} = {59BFB91E-52E9-4196-BE47-0C0A0061D691}
		{E46AAD55-C0CE-4FDB-A22E-47255FDA0DA7} = {59BFB91E-52E9-4196-BE47-0C0A0061D691}
		{5ED5DDCD-034C-40F5-A53B-451DE682942D} = {82D6AC64-89BF-449B-836C-0D58AD3AA6C0}
		{97D09078-493D-4E83-AF4A-9E355772D59A} = {82D6AC64-89BF-449B-836C-0D58AD3AA6C0}
		{D88674BE-9F4E-4486-A59D-BBCDFA912C86} = {82D6AC64-89BF-449B-836C-0D58AD3AA6C0}
		{EBD69356-C7D7-438B-A842-26252AFC7355} = {82D6AC64-89BF-449B-836C-0D58AD3AA6C0}
		{B241E63C-75B4-4192-B93A-B6EB87773B12} = {C0196158-26B0-4E42-8047-1DE69D0F25B9}
		{2F201F55-55C4-4D32-B756-C2B734104D8B} = {C0196158-26B0-4E42-8047-1DE69D0F25B9}
		{10A416C4-5F09-4764-8BFE-A57B373C37CC} = {C0196158-26B0-4E42-8047-1DE69D0F25B9}
		{DABAE12C-643C-453D-BBC1-C95CF4467AA3} = {C0196158-26B0-4E42-8047-1DE69D0F25B9}
		{AE690F11-38DB-4F5C-888C-91568E34EB41} = {E46AAD55-C0CE-4FDB-A22E-47255FDA0DA7}
		{3EE05F15-04E3-4DCC-A4C0-4B91FC2F3153} = {E46AAD55-C0CE-4FDB-A22E-47255FDA0DA7}
		{FCD38025-C209-4A40-B767-7F4B75FE6771} = {E46AAD55-C0CE-4FDB-A22E-47255FDA0DA7}
		{81CCD30C-120A-4E7D-ADEB-E6FD8F26D709} = {E46AAD55-C0CE-4FDB-A22E-47255FDA0DA7}
		{73DE191C-271D-4E9B-9479-7C12B21D1BE2} = {86FCB29A-C2AD-4B32-88F3-88DD2B1C3AA6}
		{A657C04F-FC21-4B50-967D-92B4C2EEDA44} = {86FCB29A-C2AD-4B32-88F3-88DD2B1C3AA6}
		{314DFD15-EB46-4DFA-8613-92189065DC5C} = {86FCB29A-C2AD-4B32-88F3-88DD2B1C3AA6}
		{568E510A-815A-49AE-BE25-E77746B8614B} = {86FCB29A-C2AD-4B32-88F3-88DD2B1C3AA6}
		{F98B60F3-F7AA-41AB-82C1-7D769A8105CD} = {AA549EBF-827B-4D45-AF8C-8013CE4DAB26}
		{041EB426-BC6E-44FA-8ACC-998EA1E4BCE1} = {59BFB91E-52E9-4196-BE47-0C0A0061D691}
		{75121E96-5819-46C2-82BC-DB2B48804407} = {59BFB91E-52E9-4196-BE47-0C0A0061D691}
		{AD7799DC-1BE4-4E59-B7DD-5531407FD208} = {041EB426-BC6E-44FA-8ACC-998EA1E4BCE1}
		{5D72567B-A3A6-4FAA-9E24-B473AD35BFC9} = {59BFB91E-52E9-4196-BE47-0C0A0061D691}
		{BA3F0906-ADC0-4A95-82BE-60553EBF70B2} = {5D72567B-A3A6-4FAA-9E24-B473AD35BFC9}
		{5F04C5EF-DE40-4266-AA92-11B24C7AB1DD} = {75121E96-5819-46C2-82BC-DB2B48804407}
	EndGlobalSection
	GlobalSection(ExtensibilityGlobals) = postSolution
		SolutionGuid = {78A968F0-9088-4493-A3A8-7F2550824F11}
	EndGlobalSection
EndGlobal
